
Microsoft Visual Studio Solution File, Format Version 12.00
# Visual Studio Version 16
VisualStudioVersion = 16.0.30804.86
MinimumVisualStudioVersion = 10.0.40219.1
Project("{2150E333-8FDC-42A3-9474-1A3956D46DE8}") = "src", "src", "{3A17FF16-5E0B-42EC-A59C-6B8B52B9A495}"
EndProject
Project("{2150E333-8FDC-42A3-9474-1A3956D46DE8}") = "Presentation", "Presentation", "{BCC33DC6-8880-452B-A177-B1C7443FC756}"
EndProject
Project("{FAE04EC0-301F-11D3-BF4B-00C04F79EFBC}") = "MS2EShop.API", "MS2EShop\MS2EShop.API\MS2EShop.API.csproj", "{2A3F0305-C62E-40C3-A5BD-337FA95257D1}"
EndProject
Project("{FAE04EC0-301F-11D3-BF4B-00C04F79EFBC}") = "MS2EShop.Application", "MS2EShop\MS2EShop.Application\MS2EShop.Application.csproj", "{2A4FF062-AF5D-4D63-93BB-065AE8133420}"
EndProject
Project("{FAE04EC0-301F-11D3-BF4B-00C04F79EFBC}") = "MS2EShop.Common", "MS2EShop\MS2EShop.Common\MS2EShop.Common.csproj", "{86B17C12-DD12-4F71-A333-38ACAFAB80F1}"
EndProject
Project("{2150E333-8FDC-42A3-9474-1A3956D46DE8}") = "SharedLibraries", "SharedLibraries", "{65BDD3A1-8BFA-4704-9BBF-15DEFFD5090A}"
EndProject
Project("{FAE04EC0-301F-11D3-BF4B-00C04F79EFBC}") = "MS2EShop.Domain", "MS2EShop\MS2EShop.Domain\MS2EShop.Domain.csproj", "{1032C52B-9904-402C-BF3D-E899551589FF}"
EndProject
Project("{FAE04EC0-301F-11D3-BF4B-00C04F79EFBC}") = "MS2EShop.Domain.Core", "MS2EShop\MS2EShop.Domain.Core\MS2EShop.Domain.Core.csproj", "{60130A46-A92D-45AE-B640-F36BAB69EE7D}"
EndProject
Project("{FAE04EC0-301F-11D3-BF4B-00C04F79EFBC}") = "MS2EShop.Infrastructure", "MS2EShop\MS2EShop.Infrastructure\MS2EShop.Infrastructure.csproj", "{78B544E4-CF67-488A-9A26-F41473D190FE}"
EndProject
Project("{FAE04EC0-301F-11D3-BF4B-00C04F79EFBC}") = "MS2EShop.WebFramework", "MS2EShop\MS2EShop.WebFramework\MS2EShop.WebFramework.csproj", "{5C3CA7D5-9152-4D4D-960A-49F8099075A5}"
EndProject
Project("{2150E333-8FDC-42A3-9474-1A3956D46DE8}") = "tests", "tests", "{E3813878-B280-4DF2-93D9-7A4C51A0B008}"
EndProject
Global
	GlobalSection(SolutionConfigurationPlatforms) = preSolution
		Debug|Any CPU = Debug|Any CPU
		Release|Any CPU = Release|Any CPU
	EndGlobalSection
	GlobalSection(ProjectConfigurationPlatforms) = postSolution
		{2A3F0305-C62E-40C3-A5BD-337FA95257D1}.Debug|Any CPU.ActiveCfg = Debug|Any CPU
		{2A3F0305-C62E-40C3-A5BD-337FA95257D1}.Debug|Any CPU.Build.0 = Debug|Any CPU
		{2A3F0305-C62E-40C3-A5BD-337FA95257D1}.Release|Any CPU.ActiveCfg = Release|Any CPU
		{2A3F0305-C62E-40C3-A5BD-337FA95257D1}.Release|Any CPU.Build.0 = Release|Any CPU
		{2A4FF062-AF5D-4D63-93BB-065AE8133420}.Debug|Any CPU.ActiveCfg = Debug|Any CPU
		{2A4FF062-AF5D-4D63-93BB-065AE8133420}.Debug|Any CPU.Build.0 = Debug|Any CPU
		{2A4FF062-AF5D-4D63-93BB-065AE8133420}.Release|Any CPU.ActiveCfg = Release|Any CPU
		{2A4FF062-AF5D-4D63-93BB-065AE8133420}.Release|Any CPU.Build.0 = Release|Any CPU
		{86B17C12-DD12-4F71-A333-38ACAFAB80F1}.Debug|Any CPU.ActiveCfg = Debug|Any CPU
		{86B17C12-DD12-4F71-A333-38ACAFAB80F1}.Debug|Any CPU.Build.0 = Debug|Any CPU
		{86B17C12-DD12-4F71-A333-38ACAFAB80F1}.Release|Any CPU.ActiveCfg = Release|Any CPU
		{86B17C12-DD12-4F71-A333-38ACAFAB80F1}.Release|Any CPU.Build.0 = Release|Any CPU
		{1032C52B-9904-402C-BF3D-E899551589FF}.Debug|Any CPU.ActiveCfg = Debug|Any CPU
		{1032C52B-9904-402C-BF3D-E899551589FF}.Debug|Any CPU.Build.0 = Debug|Any CPU
		{1032C52B-9904-402C-BF3D-E899551589FF}.Release|Any CPU.ActiveCfg = Release|Any CPU
		{1032C52B-9904-402C-BF3D-E899551589FF}.Release|Any CPU.Build.0 = Release|Any CPU
		{60130A46-A92D-45AE-B640-F36BAB69EE7D}.Debug|Any CPU.ActiveCfg = Debug|Any CPU
		{60130A46-A92D-45AE-B640-F36BAB69EE7D}.Debug|Any CPU.Build.0 = Debug|Any CPU
		{60130A46-A92D-45AE-B640-F36BAB69EE7D}.Release|Any CPU.ActiveCfg = Release|Any CPU
		{60130A46-A92D-45AE-B640-F36BAB69EE7D}.Release|Any CPU.Build.0 = Release|Any CPU
		{78B544E4-CF67-488A-9A26-F41473D190FE}.Debug|Any CPU.ActiveCfg = Debug|Any CPU
		{78B544E4-CF67-488A-9A26-F41473D190FE}.Debug|Any CPU.Build.0 = Debug|Any CPU
		{78B544E4-CF67-488A-9A26-F41473D190FE}.Release|Any CPU.ActiveCfg = Release|Any CPU
		{78B544E4-CF67-488A-9A26-F41473D190FE}.Release|Any CPU.Build.0 = Release|Any CPU
		{5C3CA7D5-9152-4D4D-960A-49F8099075A5}.Debug|Any CPU.ActiveCfg = Debug|Any CPU
		{5C3CA7D5-9152-4D4D-960A-49F8099075A5}.Debug|Any CPU.Build.0 = Debug|Any CPU
		{5C3CA7D5-9152-4D4D-960A-49F8099075A5}.Release|Any CPU.ActiveCfg = Release|Any CPU
		{5C3CA7D5-9152-4D4D-960A-49F8099075A5}.Release|Any CPU.Build.0 = Release|Any CPU
	EndGlobalSection
	GlobalSection(SolutionProperties) = preSolution
		HideSolutionNode = FALSE
	EndGlobalSection
	GlobalSection(NestedProjects) = preSolution
		{BCC33DC6-8880-452B-A177-B1C7443FC756} = {3A17FF16-5E0B-42EC-A59C-6B8B52B9A495}
		{2A3F0305-C62E-40C3-A5BD-337FA95257D1} = {BCC33DC6-8880-452B-A177-B1C7443FC756}
		{2A4FF062-AF5D-4D63-93BB-065AE8133420} = {3A17FF16-5E0B-42EC-A59C-6B8B52B9A495}
		{86B17C12-DD12-4F71-A333-38ACAFAB80F1} = {3A17FF16-5E0B-42EC-A59C-6B8B52B9A495}
		{65BDD3A1-8BFA-4704-9BBF-15DEFFD5090A} = {3A17FF16-5E0B-42EC-A59C-6B8B52B9A495}
		{1032C52B-9904-402C-BF3D-E899551589FF} = {3A17FF16-5E0B-42EC-A59C-6B8B52B9A495}
		{60130A46-A92D-45AE-B640-F36BAB69EE7D} = {3A17FF16-5E0B-42EC-A59C-6B8B52B9A495}
		{78B544E4-CF67-488A-9A26-F41473D190FE} = {3A17FF16-5E0B-42EC-A59C-6B8B52B9A495}
		{5C3CA7D5-9152-4D4D-960A-49F8099075A5} = {3A17FF16-5E0B-42EC-A59C-6B8B52B9A495}
	EndGlobalSection
	GlobalSection(ExtensibilityGlobals) = postSolution
		SolutionGuid = {E07DDD44-3502-4690-ADF8-DA84B396ABF9}
	EndGlobalSection
EndGlobal
